// !$*UTF8*$!
{
	archiveVersion = 1;
	classes = {
	};
	objectVersion = 56;
	objects = {

/* Begin PBXBuildFile section */
		95BA56342BC17E9E004DD7F7 /* UserProfileApp.swift in Sources */ = {isa = PBXBuildFile; fileRef = 95BA56332BC17E9E004DD7F7 /* UserProfileApp.swift */; };
		95BA56382BC17EA0004DD7F7 /* Assets.xcassets in Resources */ = {isa = PBXBuildFile; fileRef = 95BA56372BC17EA0004DD7F7 /* Assets.xcassets */; };
		95BA563B2BC17EA0004DD7F7 /* Preview Assets.xcassets in Resources */ = {isa = PBXBuildFile; fileRef = 95BA563A2BC17EA0004DD7F7 /* Preview Assets.xcassets */; };
		95BA56452BC17EA0004DD7F7 /* UserProfileTests.swift in Sources */ = {isa = PBXBuildFile; fileRef = 95BA56442BC17EA0004DD7F7 /* UserProfileTests.swift */; };
		95BA564F2BC17EA0004DD7F7 /* UserProfileUITests.swift in Sources */ = {isa = PBXBuildFile; fileRef = 95BA564E2BC17EA0004DD7F7 /* UserProfileUITests.swift */; };
		95BA56512BC17EA0004DD7F7 /* UserProfileUITestsLaunchTests.swift in Sources */ = {isa = PBXBuildFile; fileRef = 95BA56502BC17EA0004DD7F7 /* UserProfileUITestsLaunchTests.swift */; };
		95BA56662BC17F94004DD7F7 /* UserMessageMVVM.swift in Sources */ = {isa = PBXBuildFile; fileRef = 95BA565F2BC17F94004DD7F7 /* UserMessageMVVM.swift */; };
		95BA56672BC17F94004DD7F7 /* UserMessageModel.swift in Sources */ = {isa = PBXBuildFile; fileRef = 95BA56612BC17F94004DD7F7 /* UserMessageModel.swift */; };
		95BA56682BC17F94004DD7F7 /* HorizontalScrollViewListItemView.swift in Sources */ = {isa = PBXBuildFile; fileRef = 95BA56632BC17F94004DD7F7 /* HorizontalScrollViewListItemView.swift */; };
		95BA56692BC17F94004DD7F7 /* UserMessageView.swift in Sources */ = {isa = PBXBuildFile; fileRef = 95BA56642BC17F94004DD7F7 /* UserMessageView.swift */; };
		95BA566A2BC17F94004DD7F7 /* VerticalScrollViewListItemView.swift in Sources */ = {isa = PBXBuildFile; fileRef = 95BA56652BC17F94004DD7F7 /* VerticalScrollViewListItemView.swift */; };
/* End PBXBuildFile section */

/* Begin PBXContainerItemProxy section */
		95BA56412BC17EA0004DD7F7 /* PBXContainerItemProxy */ = {
			isa = PBXContainerItemProxy;
			containerPortal = 95BA56282BC17E9E004DD7F7 /* Project object */;
			proxyType = 1;
			remoteGlobalIDString = 95BA562F2BC17E9E004DD7F7;
			remoteInfo = UserProfile;
		};
		95BA564B2BC17EA0004DD7F7 /* PBXContainerItemProxy */ = {
			isa = PBXContainerItemProxy;
			containerPortal = 95BA56282BC17E9E004DD7F7 /* Project object */;
			proxyType = 1;
			remoteGlobalIDString = 95BA562F2BC17E9E004DD7F7;
			remoteInfo = UserProfile;
		};
/* End PBXContainerItemProxy section */

/* Begin PBXFileReference section */
		95BA56302BC17E9E004DD7F7 /* UserProfile.app */ = {isa = PBXFileReference; explicitFileType = wrapper.application; includeInIndex = 0; path = UserProfile.app; sourceTree = BUILT_PRODUCTS_DIR; };
		95BA56332BC17E9E004DD7F7 /* UserProfileApp.swift */ = {isa = PBXFileReference; lastKnownFileType = sourcecode.swift; path = UserProfileApp.swift; sourceTree = "<group>"; };
		95BA56372BC17EA0004DD7F7 /* Assets.xcassets */ = {isa = PBXFileReference; lastKnownFileType = folder.assetcatalog; path = Assets.xcassets; sourceTree = "<group>"; };
		95BA563A2BC17EA0004DD7F7 /* Preview Assets.xcassets */ = {isa = PBXFileReference; lastKnownFileType = folder.assetcatalog; path = "Preview Assets.xcassets"; sourceTree = "<group>"; };
		95BA56402BC17EA0004DD7F7 /* UserProfileTests.xctest */ = {isa = PBXFileReference; explicitFileType = wrapper.cfbundle; includeInIndex = 0; path = UserProfileTests.xctest; sourceTree = BUILT_PRODUCTS_DIR; };
		95BA56442BC17EA0004DD7F7 /* UserProfileTests.swift */ = {isa = PBXFileReference; lastKnownFileType = sourcecode.swift; path = UserProfileTests.swift; sourceTree = "<group>"; };
		95BA564A2BC17EA0004DD7F7 /* UserProfileUITests.xctest */ = {isa = PBXFileReference; explicitFileType = wrapper.cfbundle; includeInIndex = 0; path = UserProfileUITests.xctest; sourceTree = BUILT_PRODUCTS_DIR; };
		95BA564E2BC17EA0004DD7F7 /* UserProfileUITests.swift */ = {isa = PBXFileReference; lastKnownFileType = sourcecode.swift; path = UserProfileUITests.swift; sourceTree = "<group>"; };
		95BA56502BC17EA0004DD7F7 /* UserProfileUITestsLaunchTests.swift */ = {isa = PBXFileReference; lastKnownFileType = sourcecode.swift; path = UserProfileUITestsLaunchTests.swift; sourceTree = "<group>"; };
		95BA565F2BC17F94004DD7F7 /* UserMessageMVVM.swift */ = {isa = PBXFileReference; fileEncoding = 4; lastKnownFileType = sourcecode.swift; path = UserMessageMVVM.swift; sourceTree = "<group>"; };
		95BA56612BC17F94004DD7F7 /* UserMessageModel.swift */ = {isa = PBXFileReference; fileEncoding = 4; lastKnownFileType = sourcecode.swift; path = UserMessageModel.swift; sourceTree = "<group>"; };
		95BA56632BC17F94004DD7F7 /* HorizontalScrollViewListItemView.swift */ = {isa = PBXFileReference; fileEncoding = 4; lastKnownFileType = sourcecode.swift; path = HorizontalScrollViewListItemView.swift; sourceTree = "<group>"; };
		95BA56642BC17F94004DD7F7 /* UserMessageView.swift */ = {isa = PBXFileReference; fileEncoding = 4; lastKnownFileType = sourcecode.swift; path = UserMessageView.swift; sourceTree = "<group>"; };
		95BA56652BC17F94004DD7F7 /* VerticalScrollViewListItemView.swift */ = {isa = PBXFileReference; fileEncoding = 4; lastKnownFileType = sourcecode.swift; path = VerticalScrollViewListItemView.swift; sourceTree = "<group>"; };
/* End PBXFileReference section */

/* Begin PBXFrameworksBuildPhase section */
		95BA562D2BC17E9E004DD7F7 /* Frameworks */ = {
			isa = PBXFrameworksBuildPhase;
			buildActionMask = 2147483647;
			files = (
			);
			runOnlyForDeploymentPostprocessing = 0;
		};
		95BA563D2BC17EA0004DD7F7 /* Frameworks */ = {
			isa = PBXFrameworksBuildPhase;
			buildActionMask = 2147483647;
			files = (
			);
			runOnlyForDeploymentPostprocessing = 0;
		};
		95BA56472BC17EA0004DD7F7 /* Frameworks */ = {
			isa = PBXFrameworksBuildPhase;
			buildActionMask = 2147483647;
			files = (
			);
			runOnlyForDeploymentPostprocessing = 0;
		};
/* End PBXFrameworksBuildPhase section */

/* Begin PBXGroup section */
		95BA56272BC17E9E004DD7F7 = {
			isa = PBXGroup;
			children = (
				95BA56322BC17E9E004DD7F7 /* UserProfile */,
				95BA56432BC17EA0004DD7F7 /* UserProfileTests */,
				95BA564D2BC17EA0004DD7F7 /* UserProfileUITests */,
				95BA56312BC17E9E004DD7F7 /* Products */,
			);
			sourceTree = "<group>";
		};
		95BA56312BC17E9E004DD7F7 /* Products */ = {
			isa = PBXGroup;
			children = (
				95BA56302BC17E9E004DD7F7 /* UserProfile.app */,
				95BA56402BC17EA0004DD7F7 /* UserProfileTests.xctest */,
				95BA564A2BC17EA0004DD7F7 /* UserProfileUITests.xctest */,
			);
			name = Products;
			sourceTree = "<group>";
		};
		95BA56322BC17E9E004DD7F7 /* UserProfile */ = {
			isa = PBXGroup;
			children = (
				95BA565D2BC17F94004DD7F7 /* UserMessage */,
				95BA56332BC17E9E004DD7F7 /* UserProfileApp.swift */,
				95BA56372BC17EA0004DD7F7 /* Assets.xcassets */,
				95BA56392BC17EA0004DD7F7 /* Preview Content */,
			);
			path = UserProfile;
			sourceTree = "<group>";
		};
		95BA56392BC17EA0004DD7F7 /* Preview Content */ = {
			isa = PBXGroup;
			children = (
				95BA563A2BC17EA0004DD7F7 /* Preview Assets.xcassets */,
			);
			path = "Preview Content";
			sourceTree = "<group>";
		};
		95BA56432BC17EA0004DD7F7 /* UserProfileTests */ = {
			isa = PBXGroup;
			children = (
				95BA56442BC17EA0004DD7F7 /* UserProfileTests.swift */,
			);
			path = UserProfileTests;
			sourceTree = "<group>";
		};
		95BA564D2BC17EA0004DD7F7 /* UserProfileUITests */ = {
			isa = PBXGroup;
			children = (
				95BA564E2BC17EA0004DD7F7 /* UserProfileUITests.swift */,
				95BA56502BC17EA0004DD7F7 /* UserProfileUITestsLaunchTests.swift */,
			);
			path = UserProfileUITests;
			sourceTree = "<group>";
		};
		95BA565D2BC17F94004DD7F7 /* UserMessage */ = {
			isa = PBXGroup;
			children = (
				95BA565E2BC17F94004DD7F7 /* ViewModel */,
				95BA56602BC17F94004DD7F7 /* Model */,
				95BA56622BC17F94004DD7F7 /* view */,
			);
			path = UserMessage;
			sourceTree = "<group>";
		};
		95BA565E2BC17F94004DD7F7 /* ViewModel */ = {
			isa = PBXGroup;
			children = (
				95BA565F2BC17F94004DD7F7 /* UserMessageMVVM.swift */,
			);
			path = ViewModel;
			sourceTree = "<group>";
		};
		95BA56602BC17F94004DD7F7 /* Model */ = {
			isa = PBXGroup;
			children = (
				95BA56612BC17F94004DD7F7 /* UserMessageModel.swift */,
			);
			path = Model;
			sourceTree = "<group>";
		};
		95BA56622BC17F94004DD7F7 /* view */ = {
			isa = PBXGroup;
			children = (
				95BA56632BC17F94004DD7F7 /* HorizontalScrollViewListItemView.swift */,
				95BA56642BC17F94004DD7F7 /* UserMessageView.swift */,
				95BA56652BC17F94004DD7F7 /* VerticalScrollViewListItemView.swift */,
			);
			path = view;
			sourceTree = "<group>";
		};
/* End PBXGroup section */

/* Begin PBXNativeTarget section */
		95BA562F2BC17E9E004DD7F7 /* UserProfile */ = {
			isa = PBXNativeTarget;
			buildConfigurationList = 95BA56542BC17EA0004DD7F7 /* Build configuration list for PBXNativeTarget "UserProfile" */;
			buildPhases = (
				95BA562C2BC17E9E004DD7F7 /* Sources */,
				95BA562D2BC17E9E004DD7F7 /* Frameworks */,
				95BA562E2BC17E9E004DD7F7 /* Resources */,
			);
			buildRules = (
			);
			dependencies = (
			);
			name = UserProfile;
			productName = UserProfile;
			productReference = 95BA56302BC17E9E004DD7F7 /* UserProfile.app */;
			productType = "com.apple.product-type.application";
		};
		95BA563F2BC17EA0004DD7F7 /* UserProfileTests */ = {
			isa = PBXNativeTarget;
			buildConfigurationList = 95BA56572BC17EA0004DD7F7 /* Build configuration list for PBXNativeTarget "UserProfileTests" */;
			buildPhases = (
				95BA563C2BC17EA0004DD7F7 /* Sources */,
				95BA563D2BC17EA0004DD7F7 /* Frameworks */,
				95BA563E2BC17EA0004DD7F7 /* Resources */,
			);
			buildRules = (
			);
			dependencies = (
				95BA56422BC17EA0004DD7F7 /* PBXTargetDependency */,
			);
			name = UserProfileTests;
			productName = UserProfileTests;
			productReference = 95BA56402BC17EA0004DD7F7 /* UserProfileTests.xctest */;
			productType = "com.apple.product-type.bundle.unit-test";
		};
		95BA56492BC17EA0004DD7F7 /* UserProfileUITests */ = {
			isa = PBXNativeTarget;
			buildConfigurationList = 95BA565A2BC17EA0004DD7F7 /* Build configuration list for PBXNativeTarget "UserProfileUITests" */;
			buildPhases = (
				95BA56462BC17EA0004DD7F7 /* Sources */,
				95BA56472BC17EA0004DD7F7 /* Frameworks */,
				95BA56482BC17EA0004DD7F7 /* Resources */,
			);
			buildRules = (
			);
			dependencies = (
				95BA564C2BC17EA0004DD7F7 /* PBXTargetDependency */,
			);
			name = UserProfileUITests;
			productName = UserProfileUITests;
			productReference = 95BA564A2BC17EA0004DD7F7 /* UserProfileUITests.xctest */;
			productType = "com.apple.product-type.bundle.ui-testing";
		};
/* End PBXNativeTarget section */

/* Begin PBXProject section */
		95BA56282BC17E9E004DD7F7 /* Project object */ = {
			isa = PBXProject;
			attributes = {
				BuildIndependentTargetsInParallel = 1;
				LastSwiftUpdateCheck = 1520;
				LastUpgradeCheck = 1520;
				TargetAttributes = {
					95BA562F2BC17E9E004DD7F7 = {
						CreatedOnToolsVersion = 15.2;
					};
					95BA563F2BC17EA0004DD7F7 = {
						CreatedOnToolsVersion = 15.2;
						TestTargetID = 95BA562F2BC17E9E004DD7F7;
					};
					95BA56492BC17EA0004DD7F7 = {
						CreatedOnToolsVersion = 15.2;
						TestTargetID = 95BA562F2BC17E9E004DD7F7;
					};
				};
			};
			buildConfigurationList = 95BA562B2BC17E9E004DD7F7 /* Build configuration list for PBXProject "UserProfile" */;
			compatibilityVersion = "Xcode 14.0";
			developmentRegion = en;
			hasScannedForEncodings = 0;
			knownRegions = (
				en,
				Base,
			);
			mainGroup = 95BA56272BC17E9E004DD7F7;
			productRefGroup = 95BA56312BC17E9E004DD7F7 /* Products */;
			projectDirPath = "";
			projectRoot = "";
			targets = (
				95BA562F2BC17E9E004DD7F7 /* UserProfile */,
				95BA563F2BC17EA0004DD7F7 /* UserProfileTests */,
				95BA56492BC17EA0004DD7F7 /* UserProfileUITests */,
			);
		};
/* End PBXProject section */

/* Begin PBXResourcesBuildPhase section */
		95BA562E2BC17E9E004DD7F7 /* Resources */ = {
			isa = PBXResourcesBuildPhase;
			buildActionMask = 2147483647;
			files = (
				95BA563B2BC17EA0004DD7F7 /* Preview Assets.xcassets in Resources */,
				95BA56382BC17EA0004DD7F7 /* Assets.xcassets in Resources */,
			);
			runOnlyForDeploymentPostprocessing = 0;
		};
		95BA563E2BC17EA0004DD7F7 /* Resources */ = {
			isa = PBXResourcesBuildPhase;
			buildActionMask = 2147483647;
			files = (
			);
			runOnlyForDeploymentPostprocessing = 0;
		};
		95BA56482BC17EA0004DD7F7 /* Resources */ = {
			isa = PBXResourcesBuildPhase;
			buildActionMask = 2147483647;
			files = (
			);
			runOnlyForDeploymentPostprocessing = 0;
		};
/* End PBXResourcesBuildPhase section */

/* Begin PBXSourcesBuildPhase section */
		95BA562C2BC17E9E004DD7F7 /* Sources */ = {
			isa = PBXSourcesBuildPhase;
			buildActionMask = 2147483647;
			files = (
				95BA566A2BC17F94004DD7F7 /* VerticalScrollViewListItemView.swift in Sources */,
				95BA56692BC17F94004DD7F7 /* UserMessageView.swift in Sources */,
				95BA56682BC17F94004DD7F7 /* HorizontalScrollViewListItemView.swift in Sources */,
				95BA56662BC17F94004DD7F7 /* UserMessageMVVM.swift in Sources */,
				95BA56672BC17F94004DD7F7 /* UserMessageModel.swift in Sources */,
				95BA56342BC17E9E004DD7F7 /* UserProfileApp.swift in Sources */,
			);
			runOnlyForDeploymentPostprocessing = 0;
		};
		95BA563C2BC17EA0004DD7F7 /* Sources */ = {
			isa = PBXSourcesBuildPhase;
			buildActionMask = 2147483647;
			files = (
				95BA56452BC17EA0004DD7F7 /* UserProfileTests.swift in Sources */,
			);
			runOnlyForDeploymentPostprocessing = 0;
		};
		95BA56462BC17EA0004DD7F7 /* Sources */ = {
			isa = PBXSourcesBuildPhase;
			buildActionMask = 2147483647;
			files = (
				95BA564F2BC17EA0004DD7F7 /* UserProfileUITests.swift in Sources */,
				95BA56512BC17EA0004DD7F7 /* UserProfileUITestsLaunchTests.swift in Sources */,
			);
			runOnlyForDeploymentPostprocessing = 0;
		};
/* End PBXSourcesBuildPhase section */

/* Begin PBXTargetDependency section */
		95BA56422BC17EA0004DD7F7 /* PBXTargetDependency */ = {
			isa = PBXTargetDependency;
			target = 95BA562F2BC17E9E004DD7F7 /* UserProfile */;
			targetProxy = 95BA56412BC17EA0004DD7F7 /* PBXContainerItemProxy */;
		};
		95BA564C2BC17EA0004DD7F7 /* PBXTargetDependency */ = {
			isa = PBXTargetDependency;
			target = 95BA562F2BC17E9E004DD7F7 /* UserProfile */;
			targetProxy = 95BA564B2BC17EA0004DD7F7 /* PBXContainerItemProxy */;
		};
/* End PBXTargetDependency section */

/* Begin XCBuildConfiguration section */
		95BA56522BC17EA0004DD7F7 /* Debug */ = {
			isa = XCBuildConfiguration;
			buildSettings = {
				ALWAYS_SEARCH_USER_PATHS = NO;
				ASSETCATALOG_COMPILER_GENERATE_SWIFT_ASSET_SYMBOL_EXTENSIONS = YES;
				CLANG_ANALYZER_NONNULL = YES;
				CLANG_ANALYZER_NUMBER_OBJECT_CONVERSION = YES_AGGRESSIVE;
				CLANG_CXX_LANGUAGE_STANDARD = "gnu++20";
				CLANG_ENABLE_MODULES = YES;
				CLANG_ENABLE_OBJC_ARC = YES;
				CLANG_ENABLE_OBJC_WEAK = YES;
				CLANG_WARN_BLOCK_CAPTURE_AUTORELEASING = YES;
				CLANG_WARN_BOOL_CONVERSION = YES;
				CLANG_WARN_COMMA = YES;
				CLANG_WARN_CONSTANT_CONVERSION = YES;
				CLANG_WARN_DEPRECATED_OBJC_IMPLEMENTATIONS = YES;
				CLANG_WARN_DIRECT_OBJC_ISA_USAGE = YES_ERROR;
				CLANG_WARN_DOCUMENTATION_COMMENTS = YES;
				CLANG_WARN_EMPTY_BODY = YES;
				CLANG_WARN_ENUM_CONVERSION = YES;
				CLANG_WARN_INFINITE_RECURSION = YES;
				CLANG_WARN_INT_CONVERSION = YES;
				CLANG_WARN_NON_LITERAL_NULL_CONVERSION = YES;
				CLANG_WARN_OBJC_IMPLICIT_RETAIN_SELF = YES;
				CLANG_WARN_OBJC_LITERAL_CONVERSION = YES;
				CLANG_WARN_OBJC_ROOT_CLASS = YES_ERROR;
				CLANG_WARN_QUOTED_INCLUDE_IN_FRAMEWORK_HEADER = YES;
				CLANG_WARN_RANGE_LOOP_ANALYSIS = YES;
				CLANG_WARN_STRICT_PROTOTYPES = YES;
				CLANG_WARN_SUSPICIOUS_MOVE = YES;
				CLANG_WARN_UNGUARDED_AVAILABILITY = YES_AGGRESSIVE;
				CLANG_WARN_UNREACHABLE_CODE = YES;
				CLANG_WARN__DUPLICATE_METHOD_MATCH = YES;
				COPY_PHASE_STRIP = NO;
				DEBUG_INFORMATION_FORMAT = dwarf;
				ENABLE_STRICT_OBJC_MSGSEND = YES;
				ENABLE_TESTABILITY = YES;
				ENABLE_USER_SCRIPT_SANDBOXING = YES;
				GCC_C_LANGUAGE_STANDARD = gnu17;
				GCC_DYNAMIC_NO_PIC = NO;
				GCC_NO_COMMON_BLOCKS = YES;
				GCC_OPTIMIZATION_LEVEL = 0;
				GCC_PREPROCESSOR_DEFINITIONS = (
					"DEBUG=1",
					"$(inherited)",
				);
				GCC_WARN_64_TO_32_BIT_CONVERSION = YES;
				GCC_WARN_ABOUT_RETURN_TYPE = YES_ERROR;
				GCC_WARN_UNDECLARED_SELECTOR = YES;
				GCC_WARN_UNINITIALIZED_AUTOS = YES_AGGRESSIVE;
				GCC_WARN_UNUSED_FUNCTION = YES;
				GCC_WARN_UNUSED_VARIABLE = YES;
				IPHONEOS_DEPLOYMENT_TARGET = 17.2;
				LOCALIZATION_PREFERS_STRING_CATALOGS = YES;
				MTL_ENABLE_DEBUG_INFO = INCLUDE_SOURCE;
				MTL_FAST_MATH = YES;
				ONLY_ACTIVE_ARCH = YES;
				SDKROOT = iphoneos;
				SWIFT_ACTIVE_COMPILATION_CONDITIONS = "DEBUG $(inherited)";
				SWIFT_OPTIMIZATION_LEVEL = "-Onone";
			};
			name = Debug;
		};
		95BA56532BC17EA0004DD7F7 /* Release */ = {
			isa = XCBuildConfiguration;
			buildSettings = {
				ALWAYS_SEARCH_USER_PATHS = NO;
				ASSETCATALOG_COMPILER_GENERATE_SWIFT_ASSET_SYMBOL_EXTENSIONS = YES;
				CLANG_ANALYZER_NONNULL = YES;
				CLANG_ANALYZER_NUMBER_OBJECT_CONVERSION = YES_AGGRESSIVE;
				CLANG_CXX_LANGUAGE_STANDARD = "gnu++20";
				CLANG_ENABLE_MODULES = YES;
				CLANG_ENABLE_OBJC_ARC = YES;
				CLANG_ENABLE_OBJC_WEAK = YES;
				CLANG_WARN_BLOCK_CAPTURE_AUTORELEASING = YES;
				CLANG_WARN_BOOL_CONVERSION = YES;
				CLANG_WARN_COMMA = YES;
				CLANG_WARN_CONSTANT_CONVERSION = YES;
				CLANG_WARN_DEPRECATED_OBJC_IMPLEMENTATIONS = YES;
				CLANG_WARN_DIRECT_OBJC_ISA_USAGE = YES_ERROR;
				CLANG_WARN_DOCUMENTATION_COMMENTS = YES;
				CLANG_WARN_EMPTY_BODY = YES;
				CLANG_WARN_ENUM_CONVERSION = YES;
				CLANG_WARN_INFINITE_RECURSION = YES;
				CLANG_WARN_INT_CONVERSION = YES;
				CLANG_WARN_NON_LITERAL_NULL_CONVERSION = YES;
				CLANG_WARN_OBJC_IMPLICIT_RETAIN_SELF = YES;
				CLANG_WARN_OBJC_LITERAL_CONVERSION = YES;
				CLANG_WARN_OBJC_ROOT_CLASS = YES_ERROR;
				CLANG_WARN_QUOTED_INCLUDE_IN_FRAMEWORK_HEADER = YES;
				CLANG_WARN_RANGE_LOOP_ANALYSIS = YES;
				CLANG_WARN_STRICT_PROTOTYPES = YES;
				CLANG_WARN_SUSPICIOUS_MOVE = YES;
				CLANG_WARN_UNGUARDED_AVAILABILITY = YES_AGGRESSIVE;
				CLANG_WARN_UNREACHABLE_CODE = YES;
				CLANG_WARN__DUPLICATE_METHOD_MATCH = YES;
				COPY_PHASE_STRIP = NO;
				DEBUG_INFORMATION_FORMAT = "dwarf-with-dsym";
				ENABLE_NS_ASSERTIONS = NO;
				ENABLE_STRICT_OBJC_MSGSEND = YES;
				ENABLE_USER_SCRIPT_SANDBOXING = YES;
				GCC_C_LANGUAGE_STANDARD = gnu17;
				GCC_NO_COMMON_BLOCKS = YES;
				GCC_WARN_64_TO_32_BIT_CONVERSION = YES;
				GCC_WARN_ABOUT_RETURN_TYPE = YES_ERROR;
				GCC_WARN_UNDECLARED_SELECTOR = YES;
				GCC_WARN_UNINITIALIZED_AUTOS = YES_AGGRESSIVE;
				GCC_WARN_UNUSED_FUNCTION = YES;
				GCC_WARN_UNUSED_VARIABLE = YES;
				IPHONEOS_DEPLOYMENT_TARGET = 17.2;
				LOCALIZATION_PREFERS_STRING_CATALOGS = YES;
				MTL_ENABLE_DEBUG_INFO = NO;
				MTL_FAST_MATH = YES;
				SDKROOT = iphoneos;
				SWIFT_COMPILATION_MODE = wholemodule;
				VALIDATE_PRODUCT = YES;
			};
			name = Release;
		};
		95BA56552BC17EA0004DD7F7 /* Debug */ = {
			isa = XCBuildConfiguration;
			buildSettings = {
				ASSETCATALOG_COMPILER_APPICON_NAME = AppIcon;
				ASSETCATALOG_COMPILER_GLOBAL_ACCENT_COLOR_NAME = AccentColor;
				CODE_SIGN_STYLE = Automatic;
				CURRENT_PROJECT_VERSION = 1;
				DEVELOPMENT_ASSET_PATHS = "\"UserProfile/Preview Content\"";
				ENABLE_PREVIEWS = YES;
				GENERATE_INFOPLIST_FILE = YES;
				INFOPLIST_KEY_UIApplicationSceneManifest_Generation = YES;
				INFOPLIST_KEY_UIApplicationSupportsIndirectInputEvents = YES;
				INFOPLIST_KEY_UILaunchScreen_Generation = YES;
				INFOPLIST_KEY_UISupportedInterfaceOrientations_iPad = "UIInterfaceOrientationPortrait UIInterfaceOrientationPortraitUpsideDown UIInterfaceOrientationLandscapeLeft UIInterfaceOrientationLandscapeRight";
				INFOPLIST_KEY_UISupportedInterfaceOrientations_iPhone = "UIInterfaceOrientationPortrait UIInterfaceOrientationLandscapeLeft UIInterfaceOrientationLandscapeRight";
				LD_RUNPATH_SEARCH_PATHS = (
					"$(inherited)",
					"@executable_path/Frameworks",
				);
				MARKETING_VERSION = 1.0;
				PRODUCT_BUNDLE_IDENTIFIER = KLM.UserProfile;
				PRODUCT_NAME = "$(TARGET_NAME)";
				SWIFT_EMIT_LOC_STRINGS = YES;
				SWIFT_VERSION = 5.0;
				TARGETED_DEVICE_FAMILY = "1,2";
			};
			name = Debug;
		};
		95BA56562BC17EA0004DD7F7 /* Release */ = {
			isa = XCBuildConfiguration;
			buildSettings = {
				ASSETCATALOG_COMPILER_APPICON_NAME = AppIcon;
				ASSETCATALOG_COMPILER_GLOBAL_ACCENT_COLOR_NAME = AccentColor;
				CODE_SIGN_STYLE = Automatic;
				CURRENT_PROJECT_VERSION = 1;
				DEVELOPMENT_ASSET_PATHS = "\"UserProfile/Preview Content\"";
				ENABLE_PREVIEWS = YES;
				GENERATE_INFOPLIST_FILE = YES;
				INFOPLIST_KEY_UIApplicationSceneManifest_Generation = YES;
				INFOPLIST_KEY_UIApplicationSupportsIndirectInputEvents = YES;
				INFOPLIST_KEY_UILaunchScreen_Generation = YES;
				INFOPLIST_KEY_UISupportedInterfaceOrientations_iPad = "UIInterfaceOrientationPortrait UIInterfaceOrientationPortraitUpsideDown UIInterfaceOrientationLandscapeLeft UIInterfaceOrientationLandscapeRight";
				INFOPLIST_KEY_UISupportedInterfaceOrientations_iPhone = "UIInterfaceOrientationPortrait UIInterfaceOrientationLandscapeLeft UIInterfaceOrientationLandscapeRight";
				LD_RUNPATH_SEARCH_PATHS = (
					"$(inherited)",
					"@executable_path/Frameworks",
				);
				MARKETING_VERSION = 1.0;
				PRODUCT_BUNDLE_IDENTIFIER = KLM.UserProfile;
				PRODUCT_NAME = "$(TARGET_NAME)";
				SWIFT_EMIT_LOC_STRINGS = YES;
				SWIFT_VERSION = 5.0;
				TARGETED_DEVICE_FAMILY = "1,2";
			};
			name = Release;
		};
		95BA56582BC17EA0004DD7F7 /* Debug */ = {
			isa = XCBuildConfiguration;
			buildSettings = {
				ALWAYS_EMBED_SWIFT_STANDARD_LIBRARIES = YES;
				BUNDLE_LOADER = "$(TEST_HOST)";
				CODE_SIGN_STYLE = Automatic;
				CURRENT_PROJECT_VERSION = 1;
				GENERATE_INFOPLIST_FILE = YES;
				IPHONEOS_DEPLOYMENT_TARGET = 17.2;
				MARKETING_VERSION = 1.0;
				PRODUCT_BUNDLE_IDENTIFIER = KLM.UserProfileTests;
				PRODUCT_NAME = "$(TARGET_NAME)";
				SWIFT_EMIT_LOC_STRINGS = NO;
				SWIFT_VERSION = 5.0;
				TARGETED_DEVICE_FAMILY = "1,2";
				TEST_HOST = "$(BUILT_PRODUCTS_DIR)/UserProfile.app/$(BUNDLE_EXECUTABLE_FOLDER_PATH)/UserProfile";
			};
			name = Debug;
		};
		95BA56592BC17EA0004DD7F7 /* Release */ = {
			isa = XCBuildConfiguration;
			buildSettings = {
				ALWAYS_EMBED_SWIFT_STANDARD_LIBRARIES = YES;
				BUNDLE_LOADER = "$(TEST_HOST)";
				CODE_SIGN_STYLE = Automatic;
				CURRENT_PROJECT_VERSION = 1;
				GENERATE_INFOPLIST_FILE = YES;
				IPHONEOS_DEPLOYMENT_TARGET = 17.2;
				MARKETING_VERSION = 1.0;
				PRODUCT_BUNDLE_IDENTIFIER = KLM.UserProfileTests;
				PRODUCT_NAME = "$(TARGET_NAME)";
				SWIFT_EMIT_LOC_STRINGS = NO;
				SWIFT_VERSION = 5.0;
				TARGETED_DEVICE_FAMILY = "1,2";
				TEST_HOST = "$(BUILT_PRODUCTS_DIR)/UserProfile.app/$(BUNDLE_EXECUTABLE_FOLDER_PATH)/UserProfile";
			};
			name = Release;
		};
		95BA565B2BC17EA0004DD7F7 /* Debug */ = {
			isa = XCBuildConfiguration;
			buildSettings = {
				ALWAYS_EMBED_SWIFT_STANDARD_LIBRARIES = YES;
				CODE_SIGN_STYLE = Automatic;
				CURRENT_PROJECT_VERSION = 1;
				GENERATE_INFOPLIST_FILE = YES;
				MARKETING_VERSION = 1.0;
				PRODUCT_BUNDLE_IDENTIFIER = KLM.UserProfileUITests;
				PRODUCT_NAME = "$(TARGET_NAME)";
				SWIFT_EMIT_LOC_STRINGS = NO;
				SWIFT_VERSION = 5.0;
				TARGETED_DEVICE_FAMILY = "1,2";
				TEST_TARGET_NAME = UserProfile;
			};
			name = Debug;
		};
		95BA565C2BC17EA0004DD7F7 /* Release */ = {
			isa = XCBuildConfiguration;
			buildSettings = {
				ALWAYS_EMBED_SWIFT_STANDARD_LIBRARIES = YES;
				CODE_SIGN_STYLE = Automatic;
				CURRENT_PROJECT_VERSION = 1;
				GENERATE_INFOPLIST_FILE = YES;
				MARKETING_VERSION = 1.0;
				PRODUCT_BUNDLE_IDENTIFIER = KLM.UserProfileUITests;
				PRODUCT_NAME = "$(TARGET_NAME)";
				SWIFT_EMIT_LOC_STRINGS = NO;
				SWIFT_VERSION = 5.0;
				TARGETED_DEVICE_FAMILY = "1,2";
				TEST_TARGET_NAME = UserProfile;
			};
			name = Release;
		};
/* End XCBuildConfiguration section */

/* Begin XCConfigurationList section */
		95BA562B2BC17E9E004DD7F7 /* Build configuration list for PBXProject "UserProfile" */ = {
			isa = XCConfigurationList;
			buildConfigurations = (
				95BA56522BC17EA0004DD7F7 /* Debug */,
				95BA56532BC17EA0004DD7F7 /* Release */,
			);
			defaultConfigurationIsVisible = 0;
			defaultConfigurationName = Release;
		};
		95BA56542BC17EA0004DD7F7 /* Build configuration list for PBXNativeTarget "UserProfile" */ = {
			isa = XCConfigurationList;
			buildConfigurations = (
				95BA56552BC17EA0004DD7F7 /* Debug */,
				95BA56562BC17EA0004DD7F7 /* Release */,
			);
			defaultConfigurationIsVisible = 0;
			defaultConfigurationName = Release;
		};
		95BA56572BC17EA0004DD7F7 /* Build configuration list for PBXNativeTarget "UserProfileTests" */ = {
			isa = XCConfigurationList;
			buildConfigurations = (
				95BA56582BC17EA0004DD7F7 /* Debug */,
				95BA56592BC17EA0004DD7F7 /* Release */,
			);
			defaultConfigurationIsVisible = 0;
			defaultConfigurationName = Release;
		};
		95BA565A2BC17EA0004DD7F7 /* Build configuration list for PBXNativeTarget "UserProfileUITests" */ = {
			isa = XCConfigurationList;
			buildConfigurations = (
				95BA565B2BC17EA0004DD7F7 /* Debug */,
				95BA565C2BC17EA0004DD7F7 /* Release */,
			);
			defaultConfigurationIsVisible = 0;
			defaultConfigurationName = Release;
		};
/* End XCConfigurationList section */
	};
	rootObject = 95BA56282BC17E9E004DD7F7 /* Project object */;
}
